// !$*UTF8*$!
{
	archiveVersion = 1;
	classes = {
	};
	objectVersion = 46;
	objects = {

/* Begin PBXBuildFile section */
		013929B51ADE10B400201F43 /* main.m in Sources */ = {isa = PBXBuildFile; fileRef = 013929B41ADE10B400201F43 /* main.m */; };
		013929B81ADE10B400201F43 /* AppDelegate.m in Sources */ = {isa = PBXBuildFile; fileRef = 013929B71ADE10B400201F43 /* AppDelegate.m */; };
		013929BB1ADE10B400201F43 /* ViewController.mm in Sources */ = {isa = PBXBuildFile; fileRef = 013929BA1ADE10B400201F43 /* ViewController.mm */; };
		013929BE1ADE10B400201F43 /* Main.storyboard in Resources */ = {isa = PBXBuildFile; fileRef = 013929BC1ADE10B400201F43 /* Main.storyboard */; };
		013929C01ADE10B400201F43 /* Images.xcassets in Resources */ = {isa = PBXBuildFile; fileRef = 013929BF1ADE10B400201F43 /* Images.xcassets */; };
		013929C31ADE10B400201F43 /* LaunchScreen.xib in Resources */ = {isa = PBXBuildFile; fileRef = 013929C11ADE10B400201F43 /* LaunchScreen.xib */; };
		013929CF1ADE10B500201F43 /* OpenCVCameraTests.m in Sources */ = {isa = PBXBuildFile; fileRef = 013929CE1ADE10B500201F43 /* OpenCVCameraTests.m */; };
		01392A111ADE198800201F43 /* opencv2.framework in Frameworks */ = {isa = PBXBuildFile; fileRef = 013929D81ADE112000201F43 /* opencv2.framework */; };
		01392A131ADE199C00201F43 /* Accelerate.framework in Frameworks */ = {isa = PBXBuildFile; fileRef = 01392A121ADE199C00201F43 /* Accelerate.framework */; };
		01392A151ADE19A800201F43 /* AssetsLibrary.framework in Frameworks */ = {isa = PBXBuildFile; fileRef = 01392A141ADE19A800201F43 /* AssetsLibrary.framework */; };
		01392A171ADE19B400201F43 /* AVFoundation.framework in Frameworks */ = {isa = PBXBuildFile; fileRef = 01392A161ADE19B300201F43 /* AVFoundation.framework */; };
		01392A191ADE19C300201F43 /* CoreGraphics.framework in Frameworks */ = {isa = PBXBuildFile; fileRef = 01392A181ADE19C300201F43 /* CoreGraphics.framework */; };
		01392A1B1ADE19CE00201F43 /* CoreImage.framework in Frameworks */ = {isa = PBXBuildFile; fileRef = 01392A1A1ADE19CE00201F43 /* CoreImage.framework */; };
		01392A1D1ADE19D900201F43 /* CoreMedia.framework in Frameworks */ = {isa = PBXBuildFile; fileRef = 01392A1C1ADE19D900201F43 /* CoreMedia.framework */; };
		01392A1F1ADE19DF00201F43 /* CoreVideo.framework in Frameworks */ = {isa = PBXBuildFile; fileRef = 01392A1E1ADE19DF00201F43 /* CoreVideo.framework */; };
		01392A211ADE19F200201F43 /* QuartzCore.framework in Frameworks */ = {isa = PBXBuildFile; fileRef = 01392A201ADE19F200201F43 /* QuartzCore.framework */; };
		01392A231ADE19FB00201F43 /* UIKit.framework in Frameworks */ = {isa = PBXBuildFile; fileRef = 01392A221ADE19FB00201F43 /* UIKit.framework */; };
		01392A251ADE1A0100201F43 /* Foundation.framework in Frameworks */ = {isa = PBXBuildFile; fileRef = 01392A241ADE1A0100201F43 /* Foundation.framework */; };
		01392A311ADE2E5F00201F43 /* CVRotate.cpp in Sources */ = {isa = PBXBuildFile; fileRef = 01392A271ADE2E5F00201F43 /* CVRotate.cpp */; };
		01392A321ADE2E5F00201F43 /* CVSquares.cpp in Sources */ = {isa = PBXBuildFile; fileRef = 01392A291ADE2E5F00201F43 /* CVSquares.cpp */; };
		01392A331ADE2E5F00201F43 /* CVTransform.cpp in Sources */ = {isa = PBXBuildFile; fileRef = 01392A2B1ADE2E5F00201F43 /* CVTransform.cpp */; };
		01392A341ADE2E5F00201F43 /* CVWrapper.mm in Sources */ = {isa = PBXBuildFile; fileRef = 01392A2E1ADE2E5F00201F43 /* CVWrapper.mm */; };
		01392A351ADE2E5F00201F43 /* UIImage+OpenCV.mm in Sources */ = {isa = PBXBuildFile; fileRef = 01392A301ADE2E5F00201F43 /* UIImage+OpenCV.mm */; };
		017605DA1ADFAC4800BC1748 /* AudioToolbox.framework in Frameworks */ = {isa = PBXBuildFile; fileRef = 017605D91ADFAC4800BC1748 /* AudioToolbox.framework */; };
/* End PBXBuildFile section */

/* Begin PBXContainerItemProxy section */
		013929C91ADE10B400201F43 /* PBXContainerItemProxy */ = {
			isa = PBXContainerItemProxy;
			containerPortal = 013929A71ADE10B400201F43 /* Project object */;
			proxyType = 1;
			remoteGlobalIDString = 013929AE1ADE10B400201F43;
			remoteInfo = OpenCVCamera;
		};
/* End PBXContainerItemProxy section */

/* Begin PBXFileReference section */
		013929AF1ADE10B400201F43 /* OpenCVCamera.app */ = {isa = PBXFileReference; explicitFileType = wrapper.application; includeInIndex = 0; path = OpenCVCamera.app; sourceTree = BUILT_PRODUCTS_DIR; };
		013929B31ADE10B400201F43 /* Info.plist */ = {isa = PBXFileReference; lastKnownFileType = text.plist.xml; path = Info.plist; sourceTree = "<group>"; };
		013929B41ADE10B400201F43 /* main.m */ = {isa = PBXFileReference; lastKnownFileType = sourcecode.c.objc; path = main.m; sourceTree = "<group>"; };
		013929B61ADE10B400201F43 /* AppDelegate.h */ = {isa = PBXFileReference; lastKnownFileType = sourcecode.c.h; path = AppDelegate.h; sourceTree = "<group>"; };
		013929B71ADE10B400201F43 /* AppDelegate.m */ = {isa = PBXFileReference; lastKnownFileType = sourcecode.c.objc; path = AppDelegate.m; sourceTree = "<group>"; };
		013929B91ADE10B400201F43 /* ViewController.h */ = {isa = PBXFileReference; lastKnownFileType = sourcecode.c.h; path = ViewController.h; sourceTree = "<group>"; };
		013929BA1ADE10B400201F43 /* ViewController.mm */ = {isa = PBXFileReference; lastKnownFileType = sourcecode.cpp.objcpp; path = ViewController.mm; sourceTree = "<group>"; };
		013929BD1ADE10B400201F43 /* Base */ = {isa = PBXFileReference; lastKnownFileType = file.storyboard; name = Base; path = Base.lproj/Main.storyboard; sourceTree = "<group>"; };
		013929BF1ADE10B400201F43 /* Images.xcassets */ = {isa = PBXFileReference; lastKnownFileType = folder.assetcatalog; path = Images.xcassets; sourceTree = "<group>"; };
		013929C21ADE10B400201F43 /* Base */ = {isa = PBXFileReference; lastKnownFileType = file.xib; name = Base; path = Base.lproj/LaunchScreen.xib; sourceTree = "<group>"; };
		013929C81ADE10B400201F43 /* OpenCVCameraTests.xctest */ = {isa = PBXFileReference; explicitFileType = wrapper.cfbundle; includeInIndex = 0; path = OpenCVCameraTests.xctest; sourceTree = BUILT_PRODUCTS_DIR; };
		013929CD1ADE10B400201F43 /* Info.plist */ = {isa = PBXFileReference; lastKnownFileType = text.plist.xml; path = Info.plist; sourceTree = "<group>"; };
		013929CE1ADE10B500201F43 /* OpenCVCameraTests.m */ = {isa = PBXFileReference; lastKnownFileType = sourcecode.c.objc; path = OpenCVCameraTests.m; sourceTree = "<group>"; };
		013929D81ADE112000201F43 /* opencv2.framework */ = {isa = PBXFileReference; lastKnownFileType = wrapper.framework; path = opencv2.framework; sourceTree = SOURCE_ROOT; };
		01392A101ADE14AC00201F43 /* PrefixHeader.pch */ = {isa = PBXFileReference; fileEncoding = 4; lastKnownFileType = sourcecode.c.h; path = PrefixHeader.pch; sourceTree = "<group>"; };
		01392A121ADE199C00201F43 /* Accelerate.framework */ = {isa = PBXFileReference; lastKnownFileType = wrapper.framework; name = Accelerate.framework; path = System/Library/Frameworks/Accelerate.framework; sourceTree = SDKROOT; };
		01392A141ADE19A800201F43 /* AssetsLibrary.framework */ = {isa = PBXFileReference; lastKnownFileType = wrapper.framework; name = AssetsLibrary.framework; path = System/Library/Frameworks/AssetsLibrary.framework; sourceTree = SDKROOT; };
		01392A161ADE19B300201F43 /* AVFoundation.framework */ = {isa = PBXFileReference; lastKnownFileType = wrapper.framework; name = AVFoundation.framework; path = System/Library/Frameworks/AVFoundation.framework; sourceTree = SDKROOT; };
		01392A181ADE19C300201F43 /* CoreGraphics.framework */ = {isa = PBXFileReference; lastKnownFileType = wrapper.framework; name = CoreGraphics.framework; path = System/Library/Frameworks/CoreGraphics.framework; sourceTree = SDKROOT; };
		01392A1A1ADE19CE00201F43 /* CoreImage.framework */ = {isa = PBXFileReference; lastKnownFileType = wrapper.framework; name = CoreImage.framework; path = System/Library/Frameworks/CoreImage.framework; sourceTree = SDKROOT; };
		01392A1C1ADE19D900201F43 /* CoreMedia.framework */ = {isa = PBXFileReference; lastKnownFileType = wrapper.framework; name = CoreMedia.framework; path = System/Library/Frameworks/CoreMedia.framework; sourceTree = SDKROOT; };
		01392A1E1ADE19DF00201F43 /* CoreVideo.framework */ = {isa = PBXFileReference; lastKnownFileType = wrapper.framework; name = CoreVideo.framework; path = System/Library/Frameworks/CoreVideo.framework; sourceTree = SDKROOT; };
		01392A201ADE19F200201F43 /* QuartzCore.framework */ = {isa = PBXFileReference; lastKnownFileType = wrapper.framework; name = QuartzCore.framework; path = System/Library/Frameworks/QuartzCore.framework; sourceTree = SDKROOT; };
		01392A221ADE19FB00201F43 /* UIKit.framework */ = {isa = PBXFileReference; lastKnownFileType = wrapper.framework; name = UIKit.framework; path = System/Library/Frameworks/UIKit.framework; sourceTree = SDKROOT; };
		01392A241ADE1A0100201F43 /* Foundation.framework */ = {isa = PBXFileReference; lastKnownFileType = wrapper.framework; name = Foundation.framework; path = System/Library/Frameworks/Foundation.framework; sourceTree = SDKROOT; };
		01392A271ADE2E5F00201F43 /* CVRotate.cpp */ = {isa = PBXFileReference; fileEncoding = 4; lastKnownFileType = sourcecode.cpp.cpp; path = CVRotate.cpp; sourceTree = "<group>"; };
		01392A281ADE2E5F00201F43 /* CVRotate.h */ = {isa = PBXFileReference; fileEncoding = 4; lastKnownFileType = sourcecode.c.h; path = CVRotate.h; sourceTree = "<group>"; };
		01392A291ADE2E5F00201F43 /* CVSquares.cpp */ = {isa = PBXFileReference; fileEncoding = 4; lastKnownFileType = sourcecode.cpp.cpp; path = CVSquares.cpp; sourceTree = "<group>"; };
		01392A2A1ADE2E5F00201F43 /* CVSquares.h */ = {isa = PBXFileReference; fileEncoding = 4; lastKnownFileType = sourcecode.c.h; path = CVSquares.h; sourceTree = "<group>"; };
		01392A2B1ADE2E5F00201F43 /* CVTransform.cpp */ = {isa = PBXFileReference; fileEncoding = 4; lastKnownFileType = sourcecode.cpp.cpp; path = CVTransform.cpp; sourceTree = "<group>"; };
		01392A2C1ADE2E5F00201F43 /* CVTransform.h */ = {isa = PBXFileReference; fileEncoding = 4; lastKnownFileType = sourcecode.c.h; path = CVTransform.h; sourceTree = "<group>"; };
		01392A2D1ADE2E5F00201F43 /* CVWrapper.h */ = {isa = PBXFileReference; fileEncoding = 4; lastKnownFileType = sourcecode.c.h; path = CVWrapper.h; sourceTree = "<group>"; };
		01392A2E1ADE2E5F00201F43 /* CVWrapper.mm */ = {isa = PBXFileReference; fileEncoding = 4; lastKnownFileType = sourcecode.cpp.objcpp; path = CVWrapper.mm; sourceTree = "<group>"; };
		01392A2F1ADE2E5F00201F43 /* UIImage+OpenCV.h */ = {isa = PBXFileReference; fileEncoding = 4; lastKnownFileType = sourcecode.c.h; path = "UIImage+OpenCV.h"; sourceTree = "<group>"; };
		01392A301ADE2E5F00201F43 /* UIImage+OpenCV.mm */ = {isa = PBXFileReference; fileEncoding = 4; lastKnownFileType = sourcecode.cpp.objcpp; path = "UIImage+OpenCV.mm"; sourceTree = "<group>"; };
		017605D91ADFAC4800BC1748 /* AudioToolbox.framework */ = {isa = PBXFileReference; lastKnownFileType = wrapper.framework; name = AudioToolbox.framework; path = System/Library/Frameworks/AudioToolbox.framework; sourceTree = SDKROOT; };
/* End PBXFileReference section */

/* Begin PBXFrameworksBuildPhase section */
		013929AC1ADE10B400201F43 /* Frameworks */ = {
			isa = PBXFrameworksBuildPhase;
			buildActionMask = 2147483647;
			files = (
				017605DA1ADFAC4800BC1748 /* AudioToolbox.framework in Frameworks */,
				01392A251ADE1A0100201F43 /* Foundation.framework in Frameworks */,
				01392A231ADE19FB00201F43 /* UIKit.framework in Frameworks */,
				01392A211ADE19F200201F43 /* QuartzCore.framework in Frameworks */,
				01392A1F1ADE19DF00201F43 /* CoreVideo.framework in Frameworks */,
				01392A1D1ADE19D900201F43 /* CoreMedia.framework in Frameworks */,
				01392A1B1ADE19CE00201F43 /* CoreImage.framework in Frameworks */,
				01392A191ADE19C300201F43 /* CoreGraphics.framework in Frameworks */,
				01392A171ADE19B400201F43 /* AVFoundation.framework in Frameworks */,
				01392A151ADE19A800201F43 /* AssetsLibrary.framework in Frameworks */,
				01392A131ADE199C00201F43 /* Accelerate.framework in Frameworks */,
				01392A111ADE198800201F43 /* opencv2.framework in Frameworks */,
			);
			runOnlyForDeploymentPostprocessing = 0;
		};
		013929C51ADE10B400201F43 /* Frameworks */ = {
			isa = PBXFrameworksBuildPhase;
			buildActionMask = 2147483647;
			files = (
			);
			runOnlyForDeploymentPostprocessing = 0;
		};
/* End PBXFrameworksBuildPhase section */

/* Begin PBXGroup section */
		013929A61ADE10B400201F43 = {
			isa = PBXGroup;
			children = (
				013929B11ADE10B400201F43 /* OpenCVCamera */,
				013929CB1ADE10B400201F43 /* OpenCVCameraTests */,
				013929D91ADE113100201F43 /* Frameworks */,
				013929B01ADE10B400201F43 /* Products */,
			);
			sourceTree = "<group>";
		};
		013929B01ADE10B400201F43 /* Products */ = {
			isa = PBXGroup;
			children = (
				013929AF1ADE10B400201F43 /* OpenCVCamera.app */,
				013929C81ADE10B400201F43 /* OpenCVCameraTests.xctest */,
			);
			name = Products;
			sourceTree = "<group>";
		};
		013929B11ADE10B400201F43 /* OpenCVCamera */ = {
			isa = PBXGroup;
			children = (
				01392A261ADE2E4400201F43 /* opencv */,
				013929B61ADE10B400201F43 /* AppDelegate.h */,
				013929B71ADE10B400201F43 /* AppDelegate.m */,
				013929B91ADE10B400201F43 /* ViewController.h */,
				013929BA1ADE10B400201F43 /* ViewController.mm */,
				013929BC1ADE10B400201F43 /* Main.storyboard */,
				013929BF1ADE10B400201F43 /* Images.xcassets */,
				013929C11ADE10B400201F43 /* LaunchScreen.xib */,
				013929B21ADE10B400201F43 /* Supporting Files */,
			);
			path = OpenCVCamera;
			sourceTree = "<group>";
		};
		013929B21ADE10B400201F43 /* Supporting Files */ = {
			isa = PBXGroup;
			children = (
				01392A101ADE14AC00201F43 /* PrefixHeader.pch */,
				013929B31ADE10B400201F43 /* Info.plist */,
				013929B41ADE10B400201F43 /* main.m */,
			);
			name = "Supporting Files";
			sourceTree = "<group>";
		};
		013929CB1ADE10B400201F43 /* OpenCVCameraTests */ = {
			isa = PBXGroup;
			children = (
				013929CE1ADE10B500201F43 /* OpenCVCameraTests.m */,
				013929CC1ADE10B400201F43 /* Supporting Files */,
			);
			path = OpenCVCameraTests;
			sourceTree = "<group>";
		};
		013929CC1ADE10B400201F43 /* Supporting Files */ = {
			isa = PBXGroup;
			children = (
				013929CD1ADE10B400201F43 /* Info.plist */,
			);
			name = "Supporting Files";
			sourceTree = "<group>";
		};
		013929D91ADE113100201F43 /* Frameworks */ = {
			isa = PBXGroup;
			children = (
				017605D91ADFAC4800BC1748 /* AudioToolbox.framework */,
				01392A241ADE1A0100201F43 /* Foundation.framework */,
				01392A221ADE19FB00201F43 /* UIKit.framework */,
				01392A201ADE19F200201F43 /* QuartzCore.framework */,
				01392A1E1ADE19DF00201F43 /* CoreVideo.framework */,
				01392A1C1ADE19D900201F43 /* CoreMedia.framework */,
				01392A1A1ADE19CE00201F43 /* CoreImage.framework */,
				01392A181ADE19C300201F43 /* CoreGraphics.framework */,
				01392A161ADE19B300201F43 /* AVFoundation.framework */,
				01392A141ADE19A800201F43 /* AssetsLibrary.framework */,
				01392A121ADE199C00201F43 /* Accelerate.framework */,
				013929D81ADE112000201F43 /* opencv2.framework */,
			);
			name = Frameworks;
			sourceTree = "<group>";
		};
		01392A261ADE2E4400201F43 /* opencv */ = {
			isa = PBXGroup;
			children = (
				01392A271ADE2E5F00201F43 /* CVRotate.cpp */,
				01392A281ADE2E5F00201F43 /* CVRotate.h */,
				01392A291ADE2E5F00201F43 /* CVSquares.cpp */,
				01392A2A1ADE2E5F00201F43 /* CVSquares.h */,
				01392A2B1ADE2E5F00201F43 /* CVTransform.cpp */,
				01392A2C1ADE2E5F00201F43 /* CVTransform.h */,
				01392A2D1ADE2E5F00201F43 /* CVWrapper.h */,
				01392A2E1ADE2E5F00201F43 /* CVWrapper.mm */,
				01392A2F1ADE2E5F00201F43 /* UIImage+OpenCV.h */,
				01392A301ADE2E5F00201F43 /* UIImage+OpenCV.mm */,
			);
			name = opencv;
			sourceTree = "<group>";
		};
/* End PBXGroup section */

/* Begin PBXNativeTarget section */
		013929AE1ADE10B400201F43 /* OpenCVCamera */ = {
			isa = PBXNativeTarget;
			buildConfigurationList = 013929D21ADE10B500201F43 /* Build configuration list for PBXNativeTarget "OpenCVCamera" */;
			buildPhases = (
				013929AB1ADE10B400201F43 /* Sources */,
				013929AC1ADE10B400201F43 /* Frameworks */,
				013929AD1ADE10B400201F43 /* Resources */,
			);
			buildRules = (
			);
			dependencies = (
			);
			name = OpenCVCamera;
			productName = OpenCVCamera;
			productReference = 013929AF1ADE10B400201F43 /* OpenCVCamera.app */;
			productType = "com.apple.product-type.application";
		};
		013929C71ADE10B400201F43 /* OpenCVCameraTests */ = {
			isa = PBXNativeTarget;
			buildConfigurationList = 013929D51ADE10B500201F43 /* Build configuration list for PBXNativeTarget "OpenCVCameraTests" */;
			buildPhases = (
				013929C41ADE10B400201F43 /* Sources */,
				013929C51ADE10B400201F43 /* Frameworks */,
				013929C61ADE10B400201F43 /* Resources */,
			);
			buildRules = (
			);
			dependencies = (
				013929CA1ADE10B400201F43 /* PBXTargetDependency */,
			);
			name = OpenCVCameraTests;
			productName = OpenCVCameraTests;
			productReference = 013929C81ADE10B400201F43 /* OpenCVCameraTests.xctest */;
			productType = "com.apple.product-type.bundle.unit-test";
		};
/* End PBXNativeTarget section */

/* Begin PBXProject section */
		013929A71ADE10B400201F43 /* Project object */ = {
			isa = PBXProject;
			attributes = {
				LastUpgradeCheck = 0620;
				ORGANIZATIONNAME = "刘伟";
				TargetAttributes = {
					013929AE1ADE10B400201F43 = {
						CreatedOnToolsVersion = 6.2;
					};
					013929C71ADE10B400201F43 = {
						CreatedOnToolsVersion = 6.2;
						TestTargetID = 013929AE1ADE10B400201F43;
					};
				};
			};
			buildConfigurationList = 013929AA1ADE10B400201F43 /* Build configuration list for PBXProject "OpenCVCamera" */;
			compatibilityVersion = "Xcode 3.2";
			developmentRegion = English;
			hasScannedForEncodings = 0;
			knownRegions = (
				en,
				Base,
			);
			mainGroup = 013929A61ADE10B400201F43;
			productRefGroup = 013929B01ADE10B400201F43 /* Products */;
			projectDirPath = "";
			projectRoot = "";
			targets = (
				013929AE1ADE10B400201F43 /* OpenCVCamera */,
				013929C71ADE10B400201F43 /* OpenCVCameraTests */,
			);
		};
/* End PBXProject section */

/* Begin PBXResourcesBuildPhase section */
		013929AD1ADE10B400201F43 /* Resources */ = {
			isa = PBXResourcesBuildPhase;
			buildActionMask = 2147483647;
			files = (
				013929BE1ADE10B400201F43 /* Main.storyboard in Resources */,
				013929C31ADE10B400201F43 /* LaunchScreen.xib in Resources */,
				013929C01ADE10B400201F43 /* Images.xcassets in Resources */,
			);
			runOnlyForDeploymentPostprocessing = 0;
		};
		013929C61ADE10B400201F43 /* Resources */ = {
			isa = PBXResourcesBuildPhase;
			buildActionMask = 2147483647;
			files = (
			);
			runOnlyForDeploymentPostprocessing = 0;
		};
/* End PBXResourcesBuildPhase section */

/* Begin PBXSourcesBuildPhase section */
		013929AB1ADE10B400201F43 /* Sources */ = {
			isa = PBXSourcesBuildPhase;
			buildActionMask = 2147483647;
			files = (
				01392A351ADE2E5F00201F43 /* UIImage+OpenCV.mm in Sources */,
				01392A321ADE2E5F00201F43 /* CVSquares.cpp in Sources */,
				013929BB1ADE10B400201F43 /* ViewController.mm in Sources */,
				01392A341ADE2E5F00201F43 /* CVWrapper.mm in Sources */,
				01392A311ADE2E5F00201F43 /* CVRotate.cpp in Sources */,
				01392A331ADE2E5F00201F43 /* CVTransform.cpp in Sources */,
				013929B81ADE10B400201F43 /* AppDelegate.m in Sources */,
				013929B51ADE10B400201F43 /* main.m in Sources */,
			);
			runOnlyForDeploymentPostprocessing = 0;
		};
		013929C41ADE10B400201F43 /* Sources */ = {
			isa = PBXSourcesBuildPhase;
			buildActionMask = 2147483647;
			files = (
				013929CF1ADE10B500201F43 /* OpenCVCameraTests.m in Sources */,
			);
			runOnlyForDeploymentPostprocessing = 0;
		};
/* End PBXSourcesBuildPhase section */

/* Begin PBXTargetDependency section */
		013929CA1ADE10B400201F43 /* PBXTargetDependency */ = {
			isa = PBXTargetDependency;
			target = 013929AE1ADE10B400201F43 /* OpenCVCamera */;
			targetProxy = 013929C91ADE10B400201F43 /* PBXContainerItemProxy */;
		};
/* End PBXTargetDependency section */

/* Begin PBXVariantGroup section */
		013929BC1ADE10B400201F43 /* Main.storyboard */ = {
			isa = PBXVariantGroup;
			children = (
				013929BD1ADE10B400201F43 /* Base */,
			);
			name = Main.storyboard;
			sourceTree = "<group>";
		};
		013929C11ADE10B400201F43 /* LaunchScreen.xib */ = {
			isa = PBXVariantGroup;
			children = (
				013929C21ADE10B400201F43 /* Base */,
			);
			name = LaunchScreen.xib;
			sourceTree = "<group>";
		};
/* End PBXVariantGroup section */

/* Begin XCBuildConfiguration section */
		013929D01ADE10B500201F43 /* Debug */ = {
			isa = XCBuildConfiguration;
			buildSettings = {
				ALWAYS_SEARCH_USER_PATHS = NO;
				CLANG_CXX_LANGUAGE_STANDARD = "gnu++0x";
				CLANG_CXX_LIBRARY = "libc++";
				CLANG_ENABLE_MODULES = YES;
				CLANG_ENABLE_OBJC_ARC = YES;
				CLANG_WARN_BOOL_CONVERSION = YES;
				CLANG_WARN_CONSTANT_CONVERSION = YES;
				CLANG_WARN_DIRECT_OBJC_ISA_USAGE = YES_ERROR;
				CLANG_WARN_EMPTY_BODY = YES;
				CLANG_WARN_ENUM_CONVERSION = YES;
				CLANG_WARN_INT_CONVERSION = YES;
				CLANG_WARN_OBJC_ROOT_CLASS = YES_ERROR;
				CLANG_WARN_UNREACHABLE_CODE = YES;
				CLANG_WARN__DUPLICATE_METHOD_MATCH = YES;
				"CODE_SIGN_IDENTITY[sdk=iphoneos*]" = "iPhone Developer";
				COPY_PHASE_STRIP = NO;
				ENABLE_STRICT_OBJC_MSGSEND = YES;
				GCC_C_LANGUAGE_STANDARD = gnu99;
				GCC_DYNAMIC_NO_PIC = NO;
				GCC_OPTIMIZATION_LEVEL = 0;
				GCC_PRECOMPILE_PREFIX_HEADER = YES;
				GCC_PREPROCESSOR_DEFINITIONS = (
					"DEBUG=1",
					"$(inherited)",
				);
				GCC_SYMBOLS_PRIVATE_EXTERN = NO;
				GCC_WARN_64_TO_32_BIT_CONVERSION = YES;
				GCC_WARN_ABOUT_RETURN_TYPE = YES_ERROR;
				GCC_WARN_UNDECLARED_SELECTOR = YES;
				GCC_WARN_UNINITIALIZED_AUTOS = YES_AGGRESSIVE;
				GCC_WARN_UNUSED_FUNCTION = YES;
				GCC_WARN_UNUSED_VARIABLE = YES;
				IPHONEOS_DEPLOYMENT_TARGET = 8.2;
				MTL_ENABLE_DEBUG_INFO = YES;
				ONLY_ACTIVE_ARCH = YES;
				SDKROOT = iphoneos;
				TARGETED_DEVICE_FAMILY = "1,2";
			};
			name = Debug;
		};
		013929D11ADE10B500201F43 /* Release */ = {
			isa = XCBuildConfiguration;
			buildSettings = {
				ALWAYS_SEARCH_USER_PATHS = NO;
				CLANG_CXX_LANGUAGE_STANDARD = "gnu++0x";
				CLANG_CXX_LIBRARY = "libc++";
				CLANG_ENABLE_MODULES = YES;
				CLANG_ENABLE_OBJC_ARC = YES;
				CLANG_WARN_BOOL_CONVERSION = YES;
				CLANG_WARN_CONSTANT_CONVERSION = YES;
				CLANG_WARN_DIRECT_OBJC_ISA_USAGE = YES_ERROR;
				CLANG_WARN_EMPTY_BODY = YES;
				CLANG_WARN_ENUM_CONVERSION = YES;
				CLANG_WARN_INT_CONVERSION = YES;
				CLANG_WARN_OBJC_ROOT_CLASS = YES_ERROR;
				CLANG_WARN_UNREACHABLE_CODE = YES;
				CLANG_WARN__DUPLICATE_METHOD_MATCH = YES;
				"CODE_SIGN_IDENTITY[sdk=iphoneos*]" = "iPhone Developer";
				COPY_PHASE_STRIP = NO;
				ENABLE_NS_ASSERTIONS = NO;
				ENABLE_STRICT_OBJC_MSGSEND = YES;
				GCC_C_LANGUAGE_STANDARD = gnu99;
				GCC_PRECOMPILE_PREFIX_HEADER = YES;
				GCC_WARN_64_TO_32_BIT_CONVERSION = YES;
				GCC_WARN_ABOUT_RETURN_TYPE = YES_ERROR;
				GCC_WARN_UNDECLARED_SELECTOR = YES;
				GCC_WARN_UNINITIALIZED_AUTOS = YES_AGGRESSIVE;
				GCC_WARN_UNUSED_FUNCTION = YES;
				GCC_WARN_UNUSED_VARIABLE = YES;
				IPHONEOS_DEPLOYMENT_TARGET = 8.2;
				MTL_ENABLE_DEBUG_INFO = NO;
				SDKROOT = iphoneos;
				TARGETED_DEVICE_FAMILY = "1,2";
				VALIDATE_PRODUCT = YES;
			};
			name = Release;
		};
		013929D31ADE10B500201F43 /* Debug */ = {
			isa = XCBuildConfiguration;
			buildSettings = {
				ARCHS = "$(ARCHS_STANDARD_32_BIT)";
				ASSETCATALOG_COMPILER_APPICON_NAME = AppIcon;
				FRAMEWORK_SEARCH_PATHS = (
					"$(inherited)",
					"$(PROJECT_DIR)",
				);
				GCC_PRECOMPILE_PREFIX_HEADER = YES;
				GCC_PREFIX_HEADER = "$(SRCROOT)/OpenCVCamera/PrefixHeader.pch";
				INFOPLIST_FILE = OpenCVCamera/Info.plist;
				IPHONEOS_DEPLOYMENT_TARGET = 6.0;
				LD_RUNPATH_SEARCH_PATHS = "$(inherited) @executable_path/Frameworks";
				PRODUCT_NAME = "$(TARGET_NAME)";
			};
			name = Debug;
		};
		013929D41ADE10B500201F43 /* Release */ = {
			isa = XCBuildConfiguration;
			buildSettings = {
				ARCHS = "$(ARCHS_STANDARD_32_BIT)";
				ASSETCATALOG_COMPILER_APPICON_NAME = AppIcon;
				FRAMEWORK_SEARCH_PATHS = (
					"$(inherited)",
					"$(PROJECT_DIR)",
				);
				GCC_PRECOMPILE_PREFIX_HEADER = YES;
				GCC_PREFIX_HEADER = "$(SRCROOT)/OpenCVCamera/PrefixHeader.pch";
				INFOPLIST_FILE = OpenCVCamera/Info.plist;
				IPHONEOS_DEPLOYMENT_TARGET = 6.0;
				LD_RUNPATH_SEARCH_PATHS = "$(inherited) @executable_path/Frameworks";
				PRODUCT_NAME = "$(TARGET_NAME)";
			};
			name = Release;
		};
		013929D61ADE10B500201F43 /* Debug */ = {
			isa = XCBuildConfiguration;
			buildSettings = {
				BUNDLE_LOADER = "$(TEST_HOST)";
				FRAMEWORK_SEARCH_PATHS = (
					"$(SDKROOT)/Developer/Library/Frameworks",
					"$(inherited)",
				);
				GCC_PREPROCESSOR_DEFINITIONS = (
					"DEBUG=1",
					"$(inherited)",
				);
				INFOPLIST_FILE = OpenCVCameraTests/Info.plist;
				LD_RUNPATH_SEARCH_PATHS = "$(inherited) @executable_path/Frameworks @loader_path/Frameworks";
				PRODUCT_NAME = "$(TARGET_NAME)";
				TEST_HOST = "$(BUILT_PRODUCTS_DIR)/OpenCVCamera.app/OpenCVCamera";
			};
			name = Debug;
		};
		013929D71ADE10B500201F43 /* Release */ = {
			isa = XCBuildConfiguration;
			buildSettings = {
				BUNDLE_LOADER = "$(TEST_HOST)";
				FRAMEWORK_SEARCH_PATHS = (
					"$(SDKROOT)/Developer/Library/Frameworks",
					"$(inherited)",
				);
				INFOPLIST_FILE = OpenCVCameraTests/Info.plist;
				LD_RUNPATH_SEARCH_PATHS = "$(inherited) @executable_path/Frameworks @loader_path/Frameworks";
				PRODUCT_NAME = "$(TARGET_NAME)";
				TEST_HOST = "$(BUILT_PRODUCTS_DIR)/OpenCVCamera.app/OpenCVCamera";
			};
			name = Release;
		};
/* End XCBuildConfiguration section */

/* Begin XCConfigurationList section */
		013929AA1ADE10B400201F43 /* Build configuration list for PBXProject "OpenCVCamera" */ = {
			isa = XCConfigurationList;
			buildConfigurations = (
				013929D01ADE10B500201F43 /* Debug */,
				013929D11ADE10B500201F43 /* Release */,
			);
			defaultConfigurationIsVisible = 0;
			defaultConfigurationName = Release;
		};
		013929D21ADE10B500201F43 /* Build configuration list for PBXNativeTarget "OpenCVCamera" */ = {
			isa = XCConfigurationList;
			buildConfigurations = (
				013929D31ADE10B500201F43 /* Debug */,
				013929D41ADE10B500201F43 /* Release */,
			);
			defaultConfigurationIsVisible = 0;
			defaultConfigurationName = Release;
		};
		013929D51ADE10B500201F43 /* Build configuration list for PBXNativeTarget "OpenCVCameraTests" */ = {
			isa = XCConfigurationList;
			buildConfigurations = (
				013929D61ADE10B500201F43 /* Debug */,
				013929D71ADE10B500201F43 /* Release */,
			);
			defaultConfigurationIsVisible = 0;
			defaultConfigurationName = Release;
		};
/* End XCConfigurationList section */
	};
	rootObject = 013929A71ADE10B400201F43 /* Project object */;
}
